
Microsoft Visual Studio Solution File, Format Version 12.00
# Visual Studio Version 17
VisualStudioVersion = 17.11.35303.130
MinimumVisualStudioVersion = 10.0.40219.1
Project("{FAE04EC0-301F-11D3-BF4B-00C04F79EFBC}") = "WinFormsApp41", "WinFormsApp41.csproj", "{2A10364A-54D4-4FAA-8C2C-6DE363CAF002}"
EndProject
Global
	GlobalSection(SolutionConfigurationPlatforms) = preSolution
		Debug|Any CPU = Debug|Any CPU
		Release|Any CPU = Release|Any CPU
	EndGlobalSection
	GlobalSection(ProjectConfigurationPlatforms) = postSolution
		{2A10364A-54D4-4FAA-8C2C-6DE363CAF002}.Debug|Any CPU.ActiveCfg = Debug|Any CPU
		{2A10364A-54D4-4FAA-8C2C-6DE363CAF002}.Debug|Any CPU.Build.0 = Debug|Any CPU
		{2A10364A-54D4-4FAA-8C2C-6DE363CAF002}.Release|Any CPU.ActiveCfg = Release|Any CPU
		{2A10364A-54D4-4FAA-8C2C-6DE363CAF002}.Release|Any CPU.Build.0 = Release|Any CPU
	EndGlobalSection
	GlobalSection(SolutionProperties) = preSolution
		HideSolutionNode = FALSE
	EndGlobalSection
	GlobalSection(ExtensibilityGlobals) = postSolution
		SolutionGuid = {0FE963D3-1178-42DB-9DC3-E8E01D0F06C2}
	EndGlobalSection
EndGlobal
